{
  "name": "example",
  "version": "1.0.0",
  "lockfileVersion": 3,
  "requires": true,
  "packages": {
    "": {
      "name": "example",
      "version": "1.0.0",
      "dependencies": {
        "@michielvaneerd/markdown-contextual-chunker": "file:.."
      }
    },
    "..": {
      "name": "@michielvaneerd/markdown-contextual-chunker",
      "version": "1.0.0",
      "dependencies": {
        "marked": "^18.0.13"
      },
      "bin": {
        "markdown-contextual-chunker": "bin/markdown-contextual-chunker"
      },
      "devDependencies": {
        "js-tiktoken": "^1.0.21"
      }
    },
    "node_modules/@michielvaneerd/markdown-contextual-chunker": {
      "resolved": "..",
      "link": true
    }
  }
}
